// !$*UTF8*$!
{
	archiveVersion = 1;
	classes = {
	};
	objectVersion = 42;
	objects = {

/* Begin PBXBuildFile section */
		664C29F1060ECDC4006EC560 /* openDoc in Resources */ = {isa = PBXBuildFile; fileRef = 664C29F0060ECDC4006EC560 /* openDoc */; };
		8D0C4E8B0486CD37000505A6 /* ScriptExec_Prefix.pch in Headers */ = {isa = PBXBuildFile; fileRef = 32DBCF6D0370B57F00C91783 /* ScriptExec_Prefix.pch */; };
		8D0C4E8D0486CD37000505A6 /* InfoPlist.strings in Resources */ = {isa = PBXBuildFile; fileRef = 0867D6AAFE840B52C02AAC07 /* InfoPlist.strings */; };
		8D0C4E900486CD37000505A6 /* main.c in Sources */ = {isa = PBXBuildFile; fileRef = 20286C2BFDCF999611CA2CEA /* main.c */; settings = {ATTRIBUTES = (); }; };
		8D0C4E920486CD37000505A6 /* Carbon.framework in Frameworks */ = {isa = PBXBuildFile; fileRef = 20286C33FDCF999611CA2CEA /* Carbon.framework */; };
		8D0C4E930486CD37000505A6 /* libstdc++.a in Frameworks */ = {isa = PBXBuildFile; fileRef = 0249A66BFF388E3F11CA2CEA /* libstdc++.a */; };
		B8DCE045056DAC3500C390B0 /* MenuBar.nib in Resources */ = {isa = PBXBuildFile; fileRef = B8DCE042056DAC3500C390B0 /* MenuBar.nib */; };
		B8DCE049056DAC5000C390B0 /* script in Resources */ = {isa = PBXBuildFile; fileRef = B8DCE048056DAC5000C390B0 /* script */; };
		B8DCE04F056DACAE00C390B0 /* Security.framework in Frameworks */ = {isa = PBXBuildFile; fileRef = B8DCE04E056DACAE00C390B0 /* Security.framework */; };
/* End PBXBuildFile section */

/* Begin PBXFileReference section */
		0249A66BFF388E3F11CA2CEA /* libstdc++.a */ = {isa = PBXFileReference; lastKnownFileType = archive.ar; name = "libstdc++.a"; path = "/usr/lib/libstdc++.a"; sourceTree = "<absolute>"; };
		0867D6ABFE840B52C02AAC07 /* English */ = {isa = PBXFileReference; fileEncoding = 10; lastKnownFileType = text.plist.strings; name = English; path = English.lproj/InfoPlist.strings; sourceTree = "<group>"; };
		20286C2BFDCF999611CA2CEA /* main.c */ = {isa = PBXFileReference; fileEncoding = 30; lastKnownFileType = sourcecode.c.c; path = main.c; sourceTree = "<group>"; };
		20286C33FDCF999611CA2CEA /* Carbon.framework */ = {isa = PBXFileReference; lastKnownFileType = wrapper.framework; name = Carbon.framework; path = /System/Library/Frameworks/Carbon.framework; sourceTree = "<absolute>"; };
		32DBCF6D0370B57F00C91783 /* ScriptExec_Prefix.pch */ = {isa = PBXFileReference; fileEncoding = 4; lastKnownFileType = sourcecode.c.h; path = ScriptExec_Prefix.pch; sourceTree = "<group>"; };
		4A9504C8FFE6A3BC11CA0CBA /* ApplicationServices.framework */ = {isa = PBXFileReference; lastKnownFileType = wrapper.framework; name = ApplicationServices.framework; path = /System/Library/Frameworks/ApplicationServices.framework; sourceTree = "<absolute>"; };
		4A9504CAFFE6A41611CA0CBA /* CoreServices.framework */ = {isa = PBXFileReference; lastKnownFileType = wrapper.framework; name = CoreServices.framework; path = /System/Library/Frameworks/CoreServices.framework; sourceTree = "<absolute>"; };
		664C29F0060ECDC4006EC560 /* openDoc */ = {isa = PBXFileReference; fileEncoding = 30; lastKnownFileType = text.script.sh; path = openDoc; sourceTree = "<group>"; };
		8D0C4E960486CD37000505A6 /* Info.plist */ = {isa = PBXFileReference; fileEncoding = 4; lastKnownFileType = text.plist; path = Info.plist; sourceTree = "<group>"; };
		8D0C4E970486CD37000505A6 /* ScriptExec.app */ = {isa = PBXFileReference; explicitFileType = wrapper.application; includeInIndex = 0; path = ScriptExec.app; sourceTree = BUILT_PRODUCTS_DIR; };
		B8DCE042056DAC3500C390B0 /* MenuBar.nib */ = {isa = PBXFileReference; lastKnownFileType = wrapper.nib; path = MenuBar.nib; sourceTree = "<group>"; };
		B8DCE048056DAC5000C390B0 /* script */ = {isa = PBXFileReference; fileEncoding = 30; lastKnownFileType = text.script.sh; path = script; sourceTree = "<group>"; };
		B8DCE04E056DACAE00C390B0 /* Security.framework */ = {isa = PBXFileReference; lastKnownFileType = wrapper.framework; name = Security.framework; path = /System/Library/Frameworks/Security.framework; sourceTree = "<absolute>"; };
/* End PBXFileReference section */

/* Begin PBXFrameworksBuildPhase section */
		8D0C4E910486CD37000505A6 /* Frameworks */ = {
			isa = PBXFrameworksBuildPhase;
			buildActionMask = 2147483647;
			files = (
				8D0C4E920486CD37000505A6 /* Carbon.framework in Frameworks */,
				8D0C4E930486CD37000505A6 /* libstdc++.a in Frameworks */,
				B8DCE04F056DACAE00C390B0 /* Security.framework in Frameworks */,
			);
			runOnlyForDeploymentPostprocessing = 0;
		};
/* End PBXFrameworksBuildPhase section */

/* Begin PBXGroup section */
		195DF8CFFE9D517E11CA2CBB /* Products */ = {
			isa = PBXGroup;
			children = (
				8D0C4E970486CD37000505A6 /* ScriptExec.app */,
			);
			name = Products;
			sourceTree = "<group>";
		};
		20286C29FDCF999611CA2CEA /* ScriptExec */ = {
			isa = PBXGroup;
			children = (
				20286C2AFDCF999611CA2CEA /* Sources */,
				20286C2CFDCF999611CA2CEA /* Resources */,
				20286C32FDCF999611CA2CEA /* External Frameworks and Libraries */,
				195DF8CFFE9D517E11CA2CBB /* Products */,
			);
			name = ScriptExec;
			sourceTree = "<group>";
		};
		20286C2AFDCF999611CA2CEA /* Sources */ = {
			isa = PBXGroup;
			children = (
				32DBCF6D0370B57F00C91783 /* ScriptExec_Prefix.pch */,
				20286C2BFDCF999611CA2CEA /* main.c */,
			);
			name = Sources;
			sourceTree = "<group>";
		};
		20286C2CFDCF999611CA2CEA /* Resources */ = {
			isa = PBXGroup;
			children = (
				664C29F0060ECDC4006EC560 /* openDoc */,
				B8DCE042056DAC3500C390B0 /* MenuBar.nib */,
				8D0C4E960486CD37000505A6 /* Info.plist */,
				B8DCE048056DAC5000C390B0 /* script */,
				0867D6AAFE840B52C02AAC07 /* InfoPlist.strings */,
			);
			name = Resources;
			sourceTree = "<group>";
		};
		20286C32FDCF999611CA2CEA /* External Frameworks and Libraries */ = {
			isa = PBXGroup;
			children = (
				20286C33FDCF999611CA2CEA /* Carbon.framework */,
				4A9504CAFFE6A41611CA0CBA /* CoreServices.framework */,
				4A9504C8FFE6A3BC11CA0CBA /* ApplicationServices.framework */,
				0249A66BFF388E3F11CA2CEA /* libstdc++.a */,
				B8DCE04E056DACAE00C390B0 /* Security.framework */,
			);
			name = "External Frameworks and Libraries";
			sourceTree = "<group>";
		};
/* End PBXGroup section */

/* Begin PBXHeadersBuildPhase section */
		8D0C4E8A0486CD37000505A6 /* Headers */ = {
			isa = PBXHeadersBuildPhase;
			buildActionMask = 2147483647;
			files = (
				8D0C4E8B0486CD37000505A6 /* ScriptExec_Prefix.pch in Headers */,
			);
			runOnlyForDeploymentPostprocessing = 0;
		};
/* End PBXHeadersBuildPhase section */

/* Begin PBXNativeTarget section */
		8D0C4E890486CD37000505A6 /* ScriptExec */ = {
			isa = PBXNativeTarget;
			buildConfigurationList = 78E9AE160A36A8E3000D76A8 /* Build configuration list for PBXNativeTarget "ScriptExec" */;
			buildPhases = (
				8D0C4E8A0486CD37000505A6 /* Headers */,
				8D0C4E8C0486CD37000505A6 /* Resources */,
				8D0C4E8F0486CD37000505A6 /* Sources */,
				8D0C4E910486CD37000505A6 /* Frameworks */,
				8D0C4E940486CD37000505A6 /* Rez */,
			);
			buildRules = (
			);
			dependencies = (
			);
			name = ScriptExec;
			productInstallPath = "$(HOME)/Applications";
			productName = ScriptExec;
			productReference = 8D0C4E970486CD37000505A6 /* ScriptExec.app */;
			productType = "com.apple.product-type.application";
		};
/* End PBXNativeTarget section */

/* Begin PBXProject section */
		20286C28FDCF999611CA2CEA /* Project object */ = {
			isa = PBXProject;
			buildConfigurationList = 78E9AE1A0A36A8E3000D76A8 /* Build configuration list for PBXProject "ScriptExec" */;
			hasScannedForEncodings = 1;
			mainGroup = 20286C29FDCF999611CA2CEA /* ScriptExec */;
			projectDirPath = "";
			targets = (
				8D0C4E890486CD37000505A6 /* ScriptExec */,
			);
		};
/* End PBXProject section */

/* Begin PBXResourcesBuildPhase section */
		8D0C4E8C0486CD37000505A6 /* Resources */ = {
			isa = PBXResourcesBuildPhase;
			buildActionMask = 2147483647;
			files = (
				8D0C4E8D0486CD37000505A6 /* InfoPlist.strings in Resources */,
				B8DCE045056DAC3500C390B0 /* MenuBar.nib in Resources */,
				B8DCE049056DAC5000C390B0 /* script in Resources */,
				664C29F1060ECDC4006EC560 /* openDoc in Resources */,
			);
			runOnlyForDeploymentPostprocessing = 0;
		};
/* End PBXResourcesBuildPhase section */

/* Begin PBXRezBuildPhase section */
		8D0C4E940486CD37000505A6 /* Rez */ = {
			isa = PBXRezBuildPhase;
			buildActionMask = 2147483647;
			files = (
			);
			runOnlyForDeploymentPostprocessing = 0;
		};
/* End PBXRezBuildPhase section */

/* Begin PBXSourcesBuildPhase section */
		8D0C4E8F0486CD37000505A6 /* Sources */ = {
			isa = PBXSourcesBuildPhase;
			buildActionMask = 2147483647;
			files = (
				8D0C4E900486CD37000505A6 /* main.c in Sources */,
			);
			runOnlyForDeploymentPostprocessing = 0;
		};
/* End PBXSourcesBuildPhase section */

/* Begin PBXVariantGroup section */
		0867D6AAFE840B52C02AAC07 /* InfoPlist.strings */ = {
			isa = PBXVariantGroup;
			children = (
				0867D6ABFE840B52C02AAC07 /* English */,
			);
			name = InfoPlist.strings;
			sourceTree = "<group>";
		};
/* End PBXVariantGroup section */

/* Begin XCBuildConfiguration section */
		78E9AE170A36A8E3000D76A8 /* Development */ = {
			isa = XCBuildConfiguration;
			buildSettings = {
				COPY_PHASE_STRIP = NO;
				DEBUGGING_SYMBOLS = YES;
				FRAMEWORK_SEARCH_PATHS = "";
				GCC_DYNAMIC_NO_PIC = NO;
				GCC_ENABLE_FIX_AND_CONTINUE = YES;
				GCC_ENABLE_TRIGRAPHS = NO;
				GCC_GENERATE_DEBUGGING_SYMBOLS = YES;
				GCC_OPTIMIZATION_LEVEL = 0;
				GCC_PRECOMPILE_PREFIX_HEADER = YES;
				GCC_PREFIX_HEADER = ScriptExec_Prefix.pch;
				GCC_WARN_ABOUT_MISSING_PROTOTYPES = NO;
				GCC_WARN_FOUR_CHARACTER_CONSTANTS = NO;
				GCC_WARN_UNKNOWN_PRAGMAS = NO;
				HEADER_SEARCH_PATHS = "";
				INFOPLIST_FILE = Info.plist;
				INSTALL_PATH = "$(HOME)/Applications";
				LIBRARY_SEARCH_PATHS = "";
				LIBRARY_STYLE = Static;
				OPTIMIZATION_CFLAGS = "-O0";
				OTHER_CFLAGS = "";
				OTHER_LDFLAGS = "";
				OTHER_REZFLAGS = "";
				PRODUCT_NAME = ScriptExec;
				SECTORDER_FLAGS = "";
				WARNING_CFLAGS = (
					"-Wmost",
					"-Wno-four-char-constants",
					"-Wno-unknown-pragmas",
				);
				WRAPPER_EXTENSION = app;
				ZERO_LINK = YES;
			};
			name = Development;
		};
		78E9AE180A36A8E3000D76A8 /* Deployment */ = {
			isa = XCBuildConfiguration;
			buildSettings = {
				COPY_PHASE_STRIP = YES;
				FRAMEWORK_SEARCH_PATHS = "";
				GCC_ENABLE_FIX_AND_CONTINUE = NO;
				GCC_ENABLE_TRIGRAPHS = NO;
				GCC_GENERATE_DEBUGGING_SYMBOLS = NO;
				GCC_OPTIMIZATION_LEVEL = s;
				GCC_PRECOMPILE_PREFIX_HEADER = YES;
				GCC_PREFIX_HEADER = ScriptExec_Prefix.pch;
				GCC_WARN_ABOUT_MISSING_PROTOTYPES = NO;
				GCC_WARN_FOUR_CHARACTER_CONSTANTS = NO;
				GCC_WARN_UNKNOWN_PRAGMAS = NO;
				HEADER_SEARCH_PATHS = "";
				INFOPLIST_FILE = Info.plist;
				INSTALL_PATH = "$(HOME)/Applications";
				LIBRARY_SEARCH_PATHS = "";
				LIBRARY_STYLE = Static;
				OTHER_CFLAGS = "";
				OTHER_LDFLAGS = "";
				OTHER_REZFLAGS = "";
				PRODUCT_NAME = ScriptExec;
				SECTORDER_FLAGS = "";
				WARNING_CFLAGS = (
					"-Wmost",
					"-Wno-four-char-constants",
					"-Wno-unknown-pragmas",
				);
				WRAPPER_EXTENSION = app;
				ZERO_LINK = NO;
			};
			name = Deployment;
		};
		78E9AE190A36A8E3000D76A8 /* Default */ = {
			isa = XCBuildConfiguration;
			buildSettings = {
				FRAMEWORK_SEARCH_PATHS = "";
				GCC_ENABLE_TRIGRAPHS = NO;
				GCC_GENERATE_DEBUGGING_SYMBOLS = NO;
				GCC_PRECOMPILE_PREFIX_HEADER = YES;
				GCC_PREFIX_HEADER = ScriptExec_Prefix.pch;
				GCC_WARN_ABOUT_MISSING_PROTOTYPES = NO;
				GCC_WARN_FOUR_CHARACTER_CONSTANTS = NO;
				GCC_WARN_UNKNOWN_PRAGMAS = NO;
				HEADER_SEARCH_PATHS = "";
				INFOPLIST_FILE = Info.plist;
				INSTALL_PATH = "$(HOME)/Applications";
				LIBRARY_SEARCH_PATHS = "";
				LIBRARY_STYLE = Static;
				OTHER_CFLAGS = "";
				OTHER_LDFLAGS = "";
				OTHER_REZFLAGS = "";
				PRODUCT_NAME = ScriptExec;
				SECTORDER_FLAGS = "";
				WARNING_CFLAGS = (
					"-Wmost",
					"-Wno-four-char-constants",
					"-Wno-unknown-pragmas",
				);
				WRAPPER_EXTENSION = app;
			};
			name = Default;
		};
		78E9AE1B0A36A8E3000D76A8 /* Development */ = {
			isa = XCBuildConfiguration;
			buildSettings = {
				SYMROOT = "$(PROJECT_DIR)/build";
			};
			name = Development;
		};
		78E9AE1C0A36A8E3000D76A8 /* Deployment */ = {
			isa = XCBuildConfiguration;
			buildSettings = {
				SYMROOT = "$(PROJECT_DIR)/build";
			};
			name = Deployment;
		};
		78E9AE1D0A36A8E3000D76A8 /* Default */ = {
			isa = XCBuildConfiguration;
			buildSettings = {
				SYMROOT = "$(PROJECT_DIR)/build";
			};
			name = Default;
		};
/* End XCBuildConfiguration section */

/* Begin XCConfigurationList section */
		78E9AE160A36A8E3000D76A8 /* Build configuration list for PBXNativeTarget "ScriptExec" */ = {
			isa = XCConfigurationList;
			buildConfigurations = (
				78E9AE170A36A8E3000D76A8 /* Development */,
				78E9AE180A36A8E3000D76A8 /* Deployment */,
				78E9AE190A36A8E3000D76A8 /* Default */,
			);
			defaultConfigurationIsVisible = 0;
			defaultConfigurationName = Default;
		};
		78E9AE1A0A36A8E3000D76A8 /* Build configuration list for PBXProject "ScriptExec" */ = {
			isa = XCConfigurationList;
			buildConfigurations = (
				78E9AE1B0A36A8E3000D76A8 /* Development */,
				78E9AE1C0A36A8E3000D76A8 /* Deployment */,
				78E9AE1D0A36A8E3000D76A8 /* Default */,
			);
			defaultConfigurationIsVisible = 0;
			defaultConfigurationName = Default;
		};
/* End XCConfigurationList section */
	};
	rootObject = 20286C28FDCF999611CA2CEA /* Project object */;
}
